
Microsoft Visual Studio Solution File, Format Version 12.00
# Visual Studio Version 17
VisualStudioVersion = 17.4.33103.184
MinimumVisualStudioVersion = 10.0.40219.1
Project("{2150E333-8FDC-42A3-9474-1A3956D46DE8}") = "00. Common", "00. Common", "{DC5986E1-221E-4FBA-8FD7-241AF7453D18}"
EndProject
Project("{2150E333-8FDC-42A3-9474-1A3956D46DE8}") = "01. Domain", "01. Domain", "{C6337014-15C9-417D-9B55-44A64D7653AA}"
EndProject
Project("{2150E333-8FDC-42A3-9474-1A3956D46DE8}") = "02. Repository", "02. Repository", "{4DC25421-0779-4DA6-B699-E4A40F9FA6DD}"
EndProject
Project("{2150E333-8FDC-42A3-9474-1A3956D46DE8}") = "03. Service", "03. Service", "{5190D1AA-53C9-4FA0-981A-96EF1034C1C1}"
EndProject
Project("{2150E333-8FDC-42A3-9474-1A3956D46DE8}") = "04. Presentation", "04. Presentation", "{63959E82-FBD6-4198-AEF6-0419B89CC31C}"
EndProject
Project("{2150E333-8FDC-42A3-9474-1A3956D46DE8}") = "05. Testing", "05. Testing", "{5D9EB5A8-6A15-4CF8-9903-316E63B65BA1}"
EndProject
Project("{9A19103F-16F7-4668-BE54-9A1E7A4F7556}") = "INAIPI.Helpers", "INAIPI.Helpes\INAIPI.Helpers.csproj", "{AD59EB7E-FA75-4787-9A78-8F7DDB07C293}"
EndProject
Project("{9A19103F-16F7-4668-BE54-9A1E7A4F7556}") = "INAIPI.Entities", "INAIPI.Entities\INAIPI.Entities.csproj", "{29DF4355-D9D2-43C6-8474-79AD757894D1}"
EndProject
Project("{9A19103F-16F7-4668-BE54-9A1E7A4F7556}") = "INAIPI.Models", "INAIPI.Models\INAIPI.Models.csproj", "{A2568533-4F84-4D02-A033-E12E022BE907}"
EndProject
Project("{9A19103F-16F7-4668-BE54-9A1E7A4F7556}") = "INAIPI.Repository", "INAIPI.Repository\INAIPI.Repository.csproj", "{C7C45A5B-65B4-4342-8DA5-2294591B7D19}"
EndProject
Project("{9A19103F-16F7-4668-BE54-9A1E7A4F7556}") = "INAIPI.Service", "INAIPI.Service\INAIPI.Service.csproj", "{58F15D08-02CB-4744-9246-89A17EE48F2D}"
EndProject
Project("{2150E333-8FDC-42A3-9474-1A3956D46DE8}") = "4.1 - API", "4.1 - API", "{E152B386-EB82-42CE-AB64-7444824E5D83}"
EndProject
Project("{2150E333-8FDC-42A3-9474-1A3956D46DE8}") = "4.2 - WEB", "4.2 - WEB", "{920BAC68-460C-4A64-9EA2-F3D7A4064A1C}"
EndProject
Project("{9A19103F-16F7-4668-BE54-9A1E7A4F7556}") = "INAIPI.WebAPI", "INAIPI.WebAPI\INAIPI.WebAPI.csproj", "{9C06A30D-7269-4AB1-BBB4-5E758E99E835}"
EndProject
Project("{9A19103F-16F7-4668-BE54-9A1E7A4F7556}") = "INAIPI.BWAUI", "INAIPI.BWAUI\INAIPI.BWAUI.csproj", "{369E4C61-A061-4D41-9F98-39DB58808F43}"
EndProject
Project("{9A19103F-16F7-4668-BE54-9A1E7A4F7556}") = "INAIPI.MSTest", "INAIPI.MSTest\INAIPI.MSTest.csproj", "{06DA1D99-3876-4EDC-965D-A39FEBE8FBFD}"
EndProject
Global
	GlobalSection(SolutionConfigurationPlatforms) = preSolution
		Debug|Any CPU = Debug|Any CPU
		Release|Any CPU = Release|Any CPU
	EndGlobalSection
	GlobalSection(ProjectConfigurationPlatforms) = postSolution
		{AD59EB7E-FA75-4787-9A78-8F7DDB07C293}.Debug|Any CPU.ActiveCfg = Debug|Any CPU
		{AD59EB7E-FA75-4787-9A78-8F7DDB07C293}.Debug|Any CPU.Build.0 = Debug|Any CPU
		{AD59EB7E-FA75-4787-9A78-8F7DDB07C293}.Release|Any CPU.ActiveCfg = Release|Any CPU
		{AD59EB7E-FA75-4787-9A78-8F7DDB07C293}.Release|Any CPU.Build.0 = Release|Any CPU
		{29DF4355-D9D2-43C6-8474-79AD757894D1}.Debug|Any CPU.ActiveCfg = Debug|Any CPU
		{29DF4355-D9D2-43C6-8474-79AD757894D1}.Debug|Any CPU.Build.0 = Debug|Any CPU
		{29DF4355-D9D2-43C6-8474-79AD757894D1}.Release|Any CPU.ActiveCfg = Release|Any CPU
		{29DF4355-D9D2-43C6-8474-79AD757894D1}.Release|Any CPU.Build.0 = Release|Any CPU
		{A2568533-4F84-4D02-A033-E12E022BE907}.Debug|Any CPU.ActiveCfg = Debug|Any CPU
		{A2568533-4F84-4D02-A033-E12E022BE907}.Debug|Any CPU.Build.0 = Debug|Any CPU
		{A2568533-4F84-4D02-A033-E12E022BE907}.Release|Any CPU.ActiveCfg = Release|Any CPU
		{A2568533-4F84-4D02-A033-E12E022BE907}.Release|Any CPU.Build.0 = Release|Any CPU
		{C7C45A5B-65B4-4342-8DA5-2294591B7D19}.Debug|Any CPU.ActiveCfg = Debug|Any CPU
		{C7C45A5B-65B4-4342-8DA5-2294591B7D19}.Debug|Any CPU.Build.0 = Debug|Any CPU
		{C7C45A5B-65B4-4342-8DA5-2294591B7D19}.Release|Any CPU.ActiveCfg = Release|Any CPU
		{C7C45A5B-65B4-4342-8DA5-2294591B7D19}.Release|Any CPU.Build.0 = Release|Any CPU
		{58F15D08-02CB-4744-9246-89A17EE48F2D}.Debug|Any CPU.ActiveCfg = Debug|Any CPU
		{58F15D08-02CB-4744-9246-89A17EE48F2D}.Debug|Any CPU.Build.0 = Debug|Any CPU
		{58F15D08-02CB-4744-9246-89A17EE48F2D}.Release|Any CPU.ActiveCfg = Release|Any CPU
		{58F15D08-02CB-4744-9246-89A17EE48F2D}.Release|Any CPU.Build.0 = Release|Any CPU
		{9C06A30D-7269-4AB1-BBB4-5E758E99E835}.Debug|Any CPU.ActiveCfg = Debug|Any CPU
		{9C06A30D-7269-4AB1-BBB4-5E758E99E835}.Debug|Any CPU.Build.0 = Debug|Any CPU
		{9C06A30D-7269-4AB1-BBB4-5E758E99E835}.Release|Any CPU.ActiveCfg = Release|Any CPU
		{9C06A30D-7269-4AB1-BBB4-5E758E99E835}.Release|Any CPU.Build.0 = Release|Any CPU
		{369E4C61-A061-4D41-9F98-39DB58808F43}.Debug|Any CPU.ActiveCfg = Debug|Any CPU
		{369E4C61-A061-4D41-9F98-39DB58808F43}.Debug|Any CPU.Build.0 = Debug|Any CPU
		{369E4C61-A061-4D41-9F98-39DB58808F43}.Release|Any CPU.ActiveCfg = Release|Any CPU
		{369E4C61-A061-4D41-9F98-39DB58808F43}.Release|Any CPU.Build.0 = Release|Any CPU
		{06DA1D99-3876-4EDC-965D-A39FEBE8FBFD}.Debug|Any CPU.ActiveCfg = Debug|Any CPU
		{06DA1D99-3876-4EDC-965D-A39FEBE8FBFD}.Debug|Any CPU.Build.0 = Debug|Any CPU
		{06DA1D99-3876-4EDC-965D-A39FEBE8FBFD}.Release|Any CPU.ActiveCfg = Release|Any CPU
		{06DA1D99-3876-4EDC-965D-A39FEBE8FBFD}.Release|Any CPU.Build.0 = Release|Any CPU
	EndGlobalSection
	GlobalSection(SolutionProperties) = preSolution
		HideSolutionNode = FALSE
	EndGlobalSection
	GlobalSection(NestedProjects) = preSolution
		{AD59EB7E-FA75-4787-9A78-8F7DDB07C293} = {DC5986E1-221E-4FBA-8FD7-241AF7453D18}
		{29DF4355-D9D2-43C6-8474-79AD757894D1} = {C6337014-15C9-417D-9B55-44A64D7653AA}
		{A2568533-4F84-4D02-A033-E12E022BE907} = {C6337014-15C9-417D-9B55-44A64D7653AA}
		{C7C45A5B-65B4-4342-8DA5-2294591B7D19} = {4DC25421-0779-4DA6-B699-E4A40F9FA6DD}
		{58F15D08-02CB-4744-9246-89A17EE48F2D} = {5190D1AA-53C9-4FA0-981A-96EF1034C1C1}
		{E152B386-EB82-42CE-AB64-7444824E5D83} = {63959E82-FBD6-4198-AEF6-0419B89CC31C}
		{920BAC68-460C-4A64-9EA2-F3D7A4064A1C} = {63959E82-FBD6-4198-AEF6-0419B89CC31C}
		{9C06A30D-7269-4AB1-BBB4-5E758E99E835} = {E152B386-EB82-42CE-AB64-7444824E5D83}
		{369E4C61-A061-4D41-9F98-39DB58808F43} = {920BAC68-460C-4A64-9EA2-F3D7A4064A1C}
		{06DA1D99-3876-4EDC-965D-A39FEBE8FBFD} = {5D9EB5A8-6A15-4CF8-9903-316E63B65BA1}
	EndGlobalSection
	GlobalSection(ExtensibilityGlobals) = postSolution
		SolutionGuid = {E681758F-AD29-46ED-A9BF-323E08E22D7C}
	EndGlobalSection
EndGlobal
